{
  "name": "@dashkite/neon-breeze",
  "version": "1.0.0",
  "lockfileVersion": 1,
  "requires": true,
  "dependencies": {
    "@babel/code-frame": {
      "version": "7.10.4",
      "resolved": "https://registry.npmjs.org/@babel/code-frame/-/code-frame-7.10.4.tgz",
      "integrity": "sha512-vG6SvB6oYEhvgisZNFRmRCUkLz11c7rp+tbNTynGqc6mS1d5ATd/sGyV6W0KZZnXRKMTzZDRgQT3Ou9jhpAfUg==",
      "requires": {
        "@babel/highlight": "^7.10.4"
      }
    },
    "@babel/generator": {
      "version": "7.11.6",
      "resolved": "https://registry.npmjs.org/@babel/generator/-/generator-7.11.6.tgz",
      "integrity": "sha512-DWtQ1PV3r+cLbySoHrwn9RWEgKMBLLma4OBQloPRyDYvc5msJM9kvTLo1YnlJd1P/ZuKbdli3ijr5q3FvAF3uA==",
      "requires": {
        "@babel/types": "^7.11.5",
        "jsesc": "^2.5.1",
        "source-map": "^0.5.0"
      }
    },
    "@babel/helper-create-class-features-plugin": {
      "version": "7.10.5",
      "resolved": "https://registry.npmjs.org/@babel/helper-create-class-features-plugin/-/helper-create-class-features-plugin-7.10.5.tgz",
      "integrity": "sha512-0nkdeijB7VlZoLT3r/mY3bUkw3T8WG/hNw+FATs/6+pG2039IJWjTYL0VTISqsNHMUTEnwbVnc89WIJX9Qed0A==",
      "requires": {
        "@babel/helper-function-name": "^7.10.4",
        "@babel/helper-member-expression-to-functions": "^7.10.5",
        "@babel/helper-optimise-call-expression": "^7.10.4",
        "@babel/helper-plugin-utils": "^7.10.4",
        "@babel/helper-replace-supers": "^7.10.4",
        "@babel/helper-split-export-declaration": "^7.10.4"
      }
    },
    "@babel/helper-function-name": {
      "version": "7.10.4",
      "resolved": "https://registry.npmjs.org/@babel/helper-function-name/-/helper-function-name-7.10.4.tgz",
      "integrity": "sha512-YdaSyz1n8gY44EmN7x44zBn9zQ1Ry2Y+3GTA+3vH6Mizke1Vw0aWDM66FOYEPw8//qKkmqOckrGgTYa+6sceqQ==",
      "requires": {
        "@babel/helper-get-function-arity": "^7.10.4",
        "@babel/template": "^7.10.4",
        "@babel/types": "^7.10.4"
      }
    },
    "@babel/helper-get-function-arity": {
      "version": "7.10.4",
      "resolved": "https://registry.npmjs.org/@babel/helper-get-function-arity/-/helper-get-function-arity-7.10.4.tgz",
      "integrity": "sha512-EkN3YDB+SRDgiIUnNgcmiD361ti+AVbL3f3Henf6dqqUyr5dMsorno0lJWJuLhDhkI5sYEpgj6y9kB8AOU1I2A==",
      "requires": {
        "@babel/types": "^7.10.4"
      }
    },
    "@babel/helper-member-expression-to-functions": {
      "version": "7.11.0",
      "resolved": "https://registry.npmjs.org/@babel/helper-member-expression-to-functions/-/helper-member-expression-to-functions-7.11.0.tgz",
      "integrity": "sha512-JbFlKHFntRV5qKw3YC0CvQnDZ4XMwgzzBbld7Ly4Mj4cbFy3KywcR8NtNctRToMWJOVvLINJv525Gd6wwVEx/Q==",
      "requires": {
        "@babel/types": "^7.11.0"
      }
    },
    "@babel/helper-optimise-call-expression": {
      "version": "7.10.4",
      "resolved": "https://registry.npmjs.org/@babel/helper-optimise-call-expression/-/helper-optimise-call-expression-7.10.4.tgz",
      "integrity": "sha512-n3UGKY4VXwXThEiKrgRAoVPBMqeoPgHVqiHZOanAJCG9nQUL2pLRQirUzl0ioKclHGpGqRgIOkgcIJaIWLpygg==",
      "requires": {
        "@babel/types": "^7.10.4"
      }
    },
    "@babel/helper-plugin-utils": {
      "version": "7.10.4",
      "resolved": "https://registry.npmjs.org/@babel/helper-plugin-utils/-/helper-plugin-utils-7.10.4.tgz",
      "integrity": "sha512-O4KCvQA6lLiMU9l2eawBPMf1xPP8xPfB3iEQw150hOVTqj/rfXz0ThTb4HEzqQfs2Bmo5Ay8BzxfzVtBrr9dVg=="
    },
    "@babel/helper-replace-supers": {
      "version": "7.10.4",
      "resolved": "https://registry.npmjs.org/@babel/helper-replace-supers/-/helper-replace-supers-7.10.4.tgz",
      "integrity": "sha512-sPxZfFXocEymYTdVK1UNmFPBN+Hv5mJkLPsYWwGBxZAxaWfFu+xqp7b6qWD0yjNuNL2VKc6L5M18tOXUP7NU0A==",
      "requires": {
        "@babel/helper-member-expression-to-functions": "^7.10.4",
        "@babel/helper-optimise-call-expression": "^7.10.4",
        "@babel/traverse": "^7.10.4",
        "@babel/types": "^7.10.4"
      }
    },
    "@babel/helper-split-export-declaration": {
      "version": "7.11.0",
      "resolved": "https://registry.npmjs.org/@babel/helper-split-export-declaration/-/helper-split-export-declaration-7.11.0.tgz",
      "integrity": "sha512-74Vejvp6mHkGE+m+k5vHY93FX2cAtrw1zXrZXRlG4l410Nm9PxfEiVTn1PjDPV5SnmieiueY4AFg2xqhNFuuZg==",
      "requires": {
        "@babel/types": "^7.11.0"
      }
    },
    "@babel/helper-validator-identifier": {
      "version": "7.10.4",
      "resolved": "https://registry.npmjs.org/@babel/helper-validator-identifier/-/helper-validator-identifier-7.10.4.tgz",
      "integrity": "sha512-3U9y+43hz7ZM+rzG24Qe2mufW5KhvFg/NhnNph+i9mgCtdTCtMJuI1TMkrIUiK7Ix4PYlRF9I5dhqaLYA/ADXw=="
    },
    "@babel/highlight": {
      "version": "7.10.4",
      "resolved": "https://registry.npmjs.org/@babel/highlight/-/highlight-7.10.4.tgz",
      "integrity": "sha512-i6rgnR/YgPEQzZZnbTHHuZdlE8qyoBNalD6F+q4vAFlcMEcqmkoG+mPqJYJCo63qPf74+Y1UZsl3l6f7/RIkmA==",
      "requires": {
        "@babel/helper-validator-identifier": "^7.10.4",
        "chalk": "^2.0.0",
        "js-tokens": "^4.0.0"
      }
    },
    "@babel/parser": {
      "version": "7.11.5",
      "resolved": "https://registry.npmjs.org/@babel/parser/-/parser-7.11.5.tgz",
      "integrity": "sha512-X9rD8qqm695vgmeaQ4fvz/o3+Wk4ZzQvSHkDBgpYKxpD4qTAUm88ZKtHkVqIOsYFFbIQ6wQYhC6q7pjqVK0E0Q=="
    },
    "@babel/plugin-proposal-class-properties": {
      "version": "7.10.4",
      "resolved": "https://registry.npmjs.org/@babel/plugin-proposal-class-properties/-/plugin-proposal-class-properties-7.10.4.tgz",
      "integrity": "sha512-vhwkEROxzcHGNu2mzUC0OFFNXdZ4M23ib8aRRcJSsW8BZK9pQMD7QB7csl97NBbgGZO7ZyHUyKDnxzOaP4IrCg==",
      "requires": {
        "@babel/helper-create-class-features-plugin": "^7.10.4",
        "@babel/helper-plugin-utils": "^7.10.4"
      }
    },
    "@babel/template": {
      "version": "7.10.4",
      "resolved": "https://registry.npmjs.org/@babel/template/-/template-7.10.4.tgz",
      "integrity": "sha512-ZCjD27cGJFUB6nmCB1Enki3r+L5kJveX9pq1SvAUKoICy6CZ9yD8xO086YXdYhvNjBdnekm4ZnaP5yC8Cs/1tA==",
      "requires": {
        "@babel/code-frame": "^7.10.4",
        "@babel/parser": "^7.10.4",
        "@babel/types": "^7.10.4"
      }
    },
    "@babel/traverse": {
      "version": "7.11.5",
      "resolved": "https://registry.npmjs.org/@babel/traverse/-/traverse-7.11.5.tgz",
      "integrity": "sha512-EjiPXt+r7LiCZXEfRpSJd+jUMnBd4/9OUv7Nx3+0u9+eimMwJmG0Q98lw4/289JCoxSE8OolDMNZaaF/JZ69WQ==",
      "requires": {
        "@babel/code-frame": "^7.10.4",
        "@babel/generator": "^7.11.5",
        "@babel/helper-function-name": "^7.10.4",
        "@babel/helper-split-export-declaration": "^7.11.0",
        "@babel/parser": "^7.11.5",
        "@babel/types": "^7.11.5",
        "debug": "^4.1.0",
        "globals": "^11.1.0",
        "lodash": "^4.17.19"
      }
    },
    "@babel/types": {
      "version": "7.11.5",
      "resolved": "https://registry.npmjs.org/@babel/types/-/types-7.11.5.tgz",
      "integrity": "sha512-bvM7Qz6eKnJVFIn+1LPtjlBFPVN5jNDc1XmN15vWe7Q3DPBufWWsLiIvUu7xW87uTG6QoggpIDnUgLQvPheU+Q==",
      "requires": {
        "@babel/helper-validator-identifier": "^7.10.4",
        "lodash": "^4.17.19",
        "to-fast-properties": "^2.0.0"
      }
    },
    "@dashkite/breeze-client": {
      "version": "1.0.0",
      "resolved": "https://registry.npmjs.org/@dashkite/breeze-client/-/breeze-client-1.0.0.tgz",
      "integrity": "sha512-2ZcGV4SMSeJJUC4bU806ir/uz6rNbgi3SXbiW8Kpv85Vg1tKh14OaM1l2PXzZn6KE3KmaMvxgj+2Cw5J7JP1Tg==",
      "requires": {
        "@dashkite/carbon": "^4.0.0",
        "@dashkite/helium": "^0.3.0",
        "@dashkite/katana": "^0.3.1",
        "@dashkite/mercury": "0.0.20",
        "@dashkite/mercury-sky": "0.0.4",
        "@dashkite/mercury-zinc": "^0.1.0",
        "@dashkite/quark": "^1.0.0",
        "@dashkite/zinc": "^0.1.0",
        "@pandastrike/garden": "^8.0.0-alpha.1"
      }
    },
    "@dashkite/carbon": {
      "version": "4.0.0",
      "resolved": "https://registry.npmjs.org/@dashkite/carbon/-/carbon-4.0.0.tgz",
      "integrity": "sha512-ADtC4E1rB8t7WgyaEZNlKn25FepMiCje+drF5pKPtaFrZh0OzYfTXLvIIdmgKnFB7xfRdnAuY7JUUaxyyyDt3w==",
      "requires": {
        "@dashkite/katana": "^0.3.1",
        "@dashkite/stylist": "^0.0.2",
        "@pandastrike/garden": "^8.0.0-alpha.1",
        "diffhtml": "^1.0.0-beta.18",
        "object-observer": "^3.2.0"
      }
    },
    "@dashkite/cobalt": {
      "version": "2.0.3",
      "resolved": "https://registry.npmjs.org/@dashkite/cobalt/-/cobalt-2.0.3.tgz",
      "integrity": "sha512-bnDROK0GF2FL2Jr4u/KvgKezhVS4cs+QhGTfD9XyuPckLBdXHRCrD6+GTZzddhLZ8tEcLOH3LKT4jh6Y59R8QQ==",
      "requires": {
        "ajv": "^6.12.2",
        "panda-generics": "^6.0.0",
        "panda-parchment": "^6.0.3",
        "url-template": "^2.0.8"
      },
      "dependencies": {
        "panda-parchment": {
          "version": "6.0.3",
          "resolved": "https://registry.npmjs.org/panda-parchment/-/panda-parchment-6.0.3.tgz",
          "integrity": "sha512-JwskQm9c3ecymiur95J3wFsnlvpQTc7l/nnwqhFifXtGicOrSNtBJ0wljmLFWHKtN7qizwpjfwqUc+3J7YBtIA==",
          "requires": {
            "panda-garden": "^5.0.0",
            "panda-generics": "^6.0.2"
          }
        }
      }
    },
    "@dashkite/events": {
      "version": "0.0.1",
      "resolved": "https://registry.npmjs.org/@dashkite/events/-/events-0.0.1.tgz",
      "integrity": "sha512-iXwQdaQe8Kkjr6Tgd4CQ4fsnEuaY0Ei+LoIRZvGrNMwauoS2avd8Sy+IOpBeu3DOGUI8Lodg6GaIVvV+hvtCsQ==",
      "requires": {
        "@ungap/event-target": "^0.1.0"
      }
    },
    "@dashkite/helium": {
      "version": "0.3.0",
      "resolved": "https://registry.npmjs.org/@dashkite/helium/-/helium-0.3.0.tgz",
      "integrity": "sha512-+LCAL35omaR2MrydWpNWhiFqQj2t5FZ1E4IFOCreR04xGimtA++8VhjZF3tyuxKUC5eknKk17ZNrYxtp/mWJiA=="
    },
    "@dashkite/katana": {
      "version": "0.3.1",
      "resolved": "https://registry.npmjs.org/@dashkite/katana/-/katana-0.3.1.tgz",
      "integrity": "sha512-GSsqxjCdVmeWhq5LGf0kUQxcCBOMYfRL/fDVRdcezkZV7zVPi3C37005DKX5RY/kBDIrQ9M7rUrjLWRvqFr1CQ==",
      "requires": {
        "@pandastrike/garden": "^8.0.0-alpha.1"
      }
    },
    "@dashkite/mercury": {
      "version": "0.0.20",
      "resolved": "https://registry.npmjs.org/@dashkite/mercury/-/mercury-0.0.20.tgz",
      "integrity": "sha512-EI7Em2pfYOpOjYjXDkYhexfDhtsd/5xGOID6mAmELLpxZ7hOW7755SJGNDyw/p8RB511ME+iDdJJ0ElMQ295Ww==",
      "requires": {
        "@dashkite/katana": "0.0.9",
        "panda-garden": "^5.0.0",
        "url-template": "^2.0.8"
      },
      "dependencies": {
        "@dashkite/katana": {
          "version": "0.0.9",
          "resolved": "https://registry.npmjs.org/@dashkite/katana/-/katana-0.0.9.tgz",
          "integrity": "sha512-Cu2nWJRD4eX457fImgegJpsMlNqyq5Lt4FpJum09dqkjSdamhv1o0nnwJM2ucLXXoE/5dqm8OFqGdv471xirHg==",
          "requires": {
            "@pandastrike/garden": "^6.0.1"
          }
        },
        "@pandastrike/garden": {
          "version": "6.0.1",
          "resolved": "https://registry.npmjs.org/@pandastrike/garden/-/garden-6.0.1.tgz",
          "integrity": "sha512-vYC21Kbxcirsu4A3ppyrDR9zhmpoSAWBKOB0xFA4NpXCyVnSHXg7YKfVZfm6+hLmdH9I71bSiDAjSyoQ9qMfEg=="
        }
      }
    },
    "@dashkite/mercury-sky": {
      "version": "0.0.4",
      "resolved": "https://registry.npmjs.org/@dashkite/mercury-sky/-/mercury-sky-0.0.4.tgz",
      "integrity": "sha512-IBpKYuB1blJAWrzdvf0GFM28WgHsbHByrJ6E6oCUHu8GdepGem8TNNmEnkoByoMPpBxdavAx3ztwQ54789F7fQ==",
      "requires": {
        "@dashkite/katana": "0.0.9",
        "@dashkite/mercury": "0.0.20",
        "panda-garden": "^5.0.0",
        "url-template": "^2.0.8"
      },
      "dependencies": {
        "@dashkite/katana": {
          "version": "0.0.9",
          "resolved": "https://registry.npmjs.org/@dashkite/katana/-/katana-0.0.9.tgz",
          "integrity": "sha512-Cu2nWJRD4eX457fImgegJpsMlNqyq5Lt4FpJum09dqkjSdamhv1o0nnwJM2ucLXXoE/5dqm8OFqGdv471xirHg==",
          "requires": {
            "@pandastrike/garden": "^6.0.1"
          }
        },
        "@pandastrike/garden": {
          "version": "6.0.1",
          "resolved": "https://registry.npmjs.org/@pandastrike/garden/-/garden-6.0.1.tgz",
          "integrity": "sha512-vYC21Kbxcirsu4A3ppyrDR9zhmpoSAWBKOB0xFA4NpXCyVnSHXg7YKfVZfm6+hLmdH9I71bSiDAjSyoQ9qMfEg=="
        }
      }
    },
    "@dashkite/mercury-zinc": {
      "version": "0.1.0",
      "resolved": "https://registry.npmjs.org/@dashkite/mercury-zinc/-/mercury-zinc-0.1.0.tgz",
      "integrity": "sha512-8kILSNJdiu41EUzPw7UhIyXoOu+eJE6pItx4tCAm5px6vkSrEjF/lR2i3maa3AtVLbULoMenSV8kQ3vpqdUFrw==",
      "requires": {
        "@dashkite/zinc": "^0.1.0",
        "panda-garden": "^5.0.0"
      }
    },
    "@dashkite/quark": {
      "version": "1.0.0",
      "resolved": "https://registry.npmjs.org/@dashkite/quark/-/quark-1.0.0.tgz",
      "integrity": "sha512-tMR66QSGNwlTbhYbuMgO0LElgwRmsB8x3yr3+U+YDOSGnlXxkNADITarnRKSh9zJKxM3y5fdOb3Cx3F8GUXQNg==",
      "requires": {
        "@dashkite/katana": "^0.3.1",
        "@dashkite/stylist": "^0.0.2",
        "@pandastrike/garden": "^8.0.0-alpha.1"
      }
    },
    "@dashkite/stylist": {
      "version": "0.0.2",
      "resolved": "https://registry.npmjs.org/@dashkite/stylist/-/stylist-0.0.2.tgz",
      "integrity": "sha512-Tl6HgC90pENnwOrnyo3KjQlhaV0sr54e1BSr0xRLc9aAGPJd58feUPxmQlg3XNfLnlQ0lNwsDuVtq8EuWi3JHQ==",
      "requires": {
        "@pandastrike/garden": "^8.0.0-alpha.1",
        "panda-river": "^6.0.0"
      }
    },
    "@dashkite/zinc": {
      "version": "0.1.0",
      "resolved": "https://registry.npmjs.org/@dashkite/zinc/-/zinc-0.1.0.tgz",
      "integrity": "sha512-9vKMUy43AIWKM6KqfWXJjh+dY3qAIXa48jlZ/06uk3WbyZw7WVrcItYyqry3VrZtxtyy7Qmvu/Ezh/sQjIQ4Pg==",
      "requires": {
        "@dashkite/cobalt": "^2.0.3",
        "@dashkite/events": "0.0.1",
        "idb": "^5.0.3",
        "panda-confidential": "^3.0.0",
        "panda-garden": "^5.0.0"
      }
    },
    "@pandastrike/garden": {
      "version": "8.0.0-alpha.1",
      "resolved": "https://registry.npmjs.org/@pandastrike/garden/-/garden-8.0.0-alpha.1.tgz",
      "integrity": "sha512-Fg6J1Q0t5kx1QM6+5cm6ZpH8V0wpBGrkKLOVBP4YrtoKDhUR4gmmFcMqep8B/+bdxf5+AHlTgSDTzngGVgfTOg=="
    },
    "@stablelib/base64": {
      "version": "0.7.2",
      "resolved": "https://registry.npmjs.org/@stablelib/base64/-/base64-0.7.2.tgz",
      "integrity": "sha1-+7uNYMJvUUzctbeRz5Eb+x20tLQ="
    },
    "@stablelib/utf8": {
      "version": "0.10.1",
      "resolved": "https://registry.npmjs.org/@stablelib/utf8/-/utf8-0.10.1.tgz",
      "integrity": "sha512-+uM1YZ4MhBC82vt99prF7DXNGqhYmJ9cQ3p5qNowMNkkzn9OWEkqBvguBW3ChAt7JvqZ3SD5HJOfc6YgnfMTHw=="
    },
    "@ungap/event-target": {
      "version": "0.1.0",
      "resolved": "https://registry.npmjs.org/@ungap/event-target/-/event-target-0.1.0.tgz",
      "integrity": "sha512-W2oyj0Fe1w/XhPZjkI3oUcDUAmu5P4qsdT2/2S8aMhtAWM/CE/jYWtji0pKNPDfxLI75fa5gWSEmnynKMNP/oA=="
    },
    "ajv": {
      "version": "6.12.4",
      "resolved": "https://registry.npmjs.org/ajv/-/ajv-6.12.4.tgz",
      "integrity": "sha512-eienB2c9qVQs2KWexhkrdMLVDoIQCz5KSeLxwg9Lzk4DOfBtIK9PQwwufcsn1jjGuf9WZmqPMbGxOzfcuphJCQ==",
      "requires": {
        "fast-deep-equal": "^3.1.1",
        "fast-json-stable-stringify": "^2.0.0",
        "json-schema-traverse": "^0.4.1",
        "uri-js": "^4.2.2"
      }
    },
    "ansi-styles": {
      "version": "3.2.1",
      "resolved": "https://registry.npmjs.org/ansi-styles/-/ansi-styles-3.2.1.tgz",
      "integrity": "sha512-VT0ZI6kZRdTh8YyJw3SMbYm/u+NqfsAxEpWO0Pf9sq8/e94WxxOpPKx9FR1FlyCtOVDNOQ+8ntlqFxiRc+r5qA==",
      "requires": {
        "color-convert": "^1.9.0"
      }
    },
    "chalk": {
      "version": "2.4.2",
      "resolved": "https://registry.npmjs.org/chalk/-/chalk-2.4.2.tgz",
      "integrity": "sha512-Mti+f9lpJNcwF4tWV8/OrTTtF1gZi+f8FqlyAdouralcFWFQWF2+NgCHShjkCb+IFBLq9buZwE1xckQU4peSuQ==",
      "requires": {
        "ansi-styles": "^3.2.1",
        "escape-string-regexp": "^1.0.5",
        "supports-color": "^5.3.0"
      }
    },
    "color-convert": {
      "version": "1.9.3",
      "resolved": "https://registry.npmjs.org/color-convert/-/color-convert-1.9.3.tgz",
      "integrity": "sha512-QfAUtd+vFdAtFQcC8CCyYt1fYWxSqAiK2cSD6zDB8N3cpsEBAvRxp9zOGg6G/SHHJYAT88/az/IuDGALsNVbGg==",
      "requires": {
        "color-name": "1.1.3"
      }
    },
    "color-name": {
      "version": "1.1.3",
      "resolved": "https://registry.npmjs.org/color-name/-/color-name-1.1.3.tgz",
      "integrity": "sha1-p9BVi9icQveV3UIyj3QIMcpTvCU="
    },
    "debug": {
      "version": "4.1.1",
      "resolved": "https://registry.npmjs.org/debug/-/debug-4.1.1.tgz",
      "integrity": "sha512-pYAIzeRo8J6KPEaJ0VWOh5Pzkbw/RetuzehGM7QRRX5he4fPHx2rdKMB256ehJCkX+XRQm16eZLqLNS8RSZXZw==",
      "requires": {
        "ms": "^2.1.1"
      }
    },
    "diffhtml": {
      "version": "1.0.0-beta.18",
      "resolved": "https://registry.npmjs.org/diffhtml/-/diffhtml-1.0.0-beta.18.tgz",
      "integrity": "sha512-DEsiAiSNxTE7vTpfRtT4SPm1cxQRahIbzvLXNKquOh95+BQOS24IGX6s7sJihYgk7XN6cYy2xqMwO+pEDWGtpg==",
      "requires": {
        "@babel/plugin-proposal-class-properties": "^7.10.4"
      }
    },
    "escape-string-regexp": {
      "version": "1.0.5",
      "resolved": "https://registry.npmjs.org/escape-string-regexp/-/escape-string-regexp-1.0.5.tgz",
      "integrity": "sha1-G2HAViGQqN/2rjuyzwIAyhMLhtQ="
    },
    "fast-deep-equal": {
      "version": "3.1.3",
      "resolved": "https://registry.npmjs.org/fast-deep-equal/-/fast-deep-equal-3.1.3.tgz",
      "integrity": "sha512-f3qQ9oQy9j2AhBe/H9VC91wLmKBCCU/gDOnKNAYG5hswO7BLKj09Hc5HYNz9cGI++xlpDCIgDaitVs03ATR84Q=="
    },
    "fast-json-stable-stringify": {
      "version": "2.1.0",
      "resolved": "https://registry.npmjs.org/fast-json-stable-stringify/-/fast-json-stable-stringify-2.1.0.tgz",
      "integrity": "sha512-lhd/wF+Lk98HZoTCtlVraHtfh5XYijIjalXck7saUtuanSDyLMxnHhSXEDJqHxD7msR8D0uCmqlkwjCV8xvwHw=="
    },
    "globals": {
      "version": "11.12.0",
      "resolved": "https://registry.npmjs.org/globals/-/globals-11.12.0.tgz",
      "integrity": "sha512-WOBp/EEGUiIsJSp7wcv/y6MO+lV9UoncWqxuFfm8eBwzWNgyfBd6Gz+IeKQ9jCmyhoH99g15M3T+QaVHFjizVA=="
    },
    "has-flag": {
      "version": "3.0.0",
      "resolved": "https://registry.npmjs.org/has-flag/-/has-flag-3.0.0.tgz",
      "integrity": "sha1-tdRU3CGZriJWmfNGfloH87lVuv0="
    },
    "idb": {
      "version": "5.0.5",
      "resolved": "https://registry.npmjs.org/idb/-/idb-5.0.5.tgz",
      "integrity": "sha512-HbU+RcJ0tCg3QQgqmyFRy6k0ApTb2FUfrEiBg5zl5VpFg0GYG6c/0vk4GNNqgq1C88t/YA8PKCJY0wbm8mAcnA=="
    },
    "js-tokens": {
      "version": "4.0.0",
      "resolved": "https://registry.npmjs.org/js-tokens/-/js-tokens-4.0.0.tgz",
      "integrity": "sha512-RdJUflcE3cUzKiMqQgsCu06FPu9UdIJO0beYbPhHN4k6apgJtifcoCtT9bcxOpYBtpD2kCM6Sbzg4CausW/PKQ=="
    },
    "jsesc": {
      "version": "2.5.2",
      "resolved": "https://registry.npmjs.org/jsesc/-/jsesc-2.5.2.tgz",
      "integrity": "sha512-OYu7XEzjkCQ3C5Ps3QIZsQfNpqoJyZZA99wd9aWd05NCtC5pWOkShK2mkL6HXQR6/Cy2lbNdPlZBpuQHXE63gA=="
    },
    "json-schema-traverse": {
      "version": "0.4.1",
      "resolved": "https://registry.npmjs.org/json-schema-traverse/-/json-schema-traverse-0.4.1.tgz",
      "integrity": "sha512-xbbCH5dCYU5T8LcEhhuh7HJ88HXuW3qsI3Y0zOZFKfZEHcpWiHU/Jxzk629Brsab/mMiHQti9wMP+845RPe3Vg=="
    },
    "lodash": {
      "version": "4.17.20",
      "resolved": "https://registry.npmjs.org/lodash/-/lodash-4.17.20.tgz",
      "integrity": "sha512-PlhdFcillOINfeV7Ni6oF1TAEayyZBoZ8bcshTHqOYJYlrqzRK5hagpagky5o4HfCzzd1TRkXPMFq6cKk9rGmA=="
    },
    "ms": {
      "version": "2.1.2",
      "resolved": "https://registry.npmjs.org/ms/-/ms-2.1.2.tgz",
      "integrity": "sha512-sGkPx+VjMtmA6MX27oA4FBFELFCZZ4S4XqeGOXCv68tT+jb3vk/RyaKWP0PTKyWtmLSM0b+adUTEvbs1PEaH2w=="
    },
    "object-observer": {
      "version": "3.2.0",
      "resolved": "https://registry.npmjs.org/object-observer/-/object-observer-3.2.0.tgz",
      "integrity": "sha512-iY96P4Ln8SQxkXClKCBqxE5Fgfno0VweHU4gBq+v+2OVM8rN3m7K6gGN4ly3Nk4fCnkFeR4hJPQO8vjsc2ekKQ=="
    },
    "panda-confidential": {
      "version": "3.0.0",
      "resolved": "https://registry.npmjs.org/panda-confidential/-/panda-confidential-3.0.0.tgz",
      "integrity": "sha512-naKu/5CfU/s9hgnpaPtzll8OhblrCqw3SFP63M/3bLGwgdWAyjEeLuAY434Sc2kJji5bhdrPU1S33Sq+lb4icg==",
      "requires": {
        "@stablelib/base64": "^0.7.2",
        "@stablelib/utf8": "^0.10.1",
        "panda-garden": "^4.0.0",
        "panda-generics": "^6.0.0",
        "panda-parchment": "^5.0.0",
        "tweetnacl": "^1.0.1"
      },
      "dependencies": {
        "panda-garden": {
          "version": "4.0.3",
          "resolved": "https://registry.npmjs.org/panda-garden/-/panda-garden-4.0.3.tgz",
          "integrity": "sha512-MjK3cpW/mAkljP2mAf/jmB3Lq7cOK5uwQA9CIgrmyVYRs6wZu2q4tWqS+pvL8/OZDLYs8OzIEZQAW8TvJExE0Q=="
        }
      }
    },
    "panda-garden": {
      "version": "5.0.0",
      "resolved": "https://registry.npmjs.org/panda-garden/-/panda-garden-5.0.0.tgz",
      "integrity": "sha512-qA0DPiCa+kyEdednASMv9gDBXsE8El/2Pl5+0Kfbrp5Bv3oa4GNxAIKLkODT61NGEPwa6/LKfIVeZSR4uns3LQ=="
    },
    "panda-generics": {
      "version": "6.0.2",
      "resolved": "https://registry.npmjs.org/panda-generics/-/panda-generics-6.0.2.tgz",
      "integrity": "sha512-18TRT10sKQlNG0YU+Vm6QBx2rjVV7vtRvnBZNy1bMwTOh6SRMMzyf+FLzhRmjQV3upkdJHiIDT4kqySKOVtsrg=="
    },
    "panda-parchment": {
      "version": "5.0.2",
      "resolved": "https://registry.npmjs.org/panda-parchment/-/panda-parchment-5.0.2.tgz",
      "integrity": "sha512-4iQaNU4YneM7lF8gL7eDpGS7KACevgR5nF/mRGq0A1AMEfRqwZLM7HcYoJdEfR+gPlcEpRRkwMGEIOcWTRaUKw==",
      "requires": {
        "panda-garden": "^4.0.1",
        "panda-generics": "^6.0.0"
      },
      "dependencies": {
        "panda-garden": {
          "version": "4.0.3",
          "resolved": "https://registry.npmjs.org/panda-garden/-/panda-garden-4.0.3.tgz",
          "integrity": "sha512-MjK3cpW/mAkljP2mAf/jmB3Lq7cOK5uwQA9CIgrmyVYRs6wZu2q4tWqS+pvL8/OZDLYs8OzIEZQAW8TvJExE0Q=="
        }
      }
    },
    "panda-river": {
      "version": "6.0.0",
      "resolved": "https://registry.npmjs.org/panda-river/-/panda-river-6.0.0.tgz",
      "integrity": "sha512-5xPw1q9RYdXDsqBv+ziNcoMqV/v5lqbJOoMJeMY4zuSjSnjyT+5TBnhcYIDNfs6A/c+97GhvIaP8AZFtgdgSCw==",
      "requires": {
        "panda-garden": "^5.0.0",
        "panda-generics": "^6.0.0",
        "panda-parchment": "^5.0.0"
      }
    },
    "punycode": {
      "version": "2.1.1",
      "resolved": "https://registry.npmjs.org/punycode/-/punycode-2.1.1.tgz",
      "integrity": "sha512-XRsRjdf+j5ml+y/6GKHPZbrF/8p2Yga0JPtdqTIY2Xe5ohJPD9saDJJLPvp9+NSBprVvevdXZybnj2cv8OEd0A=="
    },
    "source-map": {
      "version": "0.5.7",
      "resolved": "https://registry.npmjs.org/source-map/-/source-map-0.5.7.tgz",
      "integrity": "sha1-igOdLRAh0i0eoUyA2OpGi6LvP8w="
    },
    "supports-color": {
      "version": "5.5.0",
      "resolved": "https://registry.npmjs.org/supports-color/-/supports-color-5.5.0.tgz",
      "integrity": "sha512-QjVjwdXIt408MIiAqCX4oUKsgU2EqAGzs2Ppkm4aQYbjm+ZEWEcW4SfFNTr4uMNZma0ey4f5lgLrkB0aX0QMow==",
      "requires": {
        "has-flag": "^3.0.0"
      }
    },
    "to-fast-properties": {
      "version": "2.0.0",
      "resolved": "https://registry.npmjs.org/to-fast-properties/-/to-fast-properties-2.0.0.tgz",
      "integrity": "sha1-3F5pjL0HkmW8c+A3doGk5Og/YW4="
    },
    "tweetnacl": {
      "version": "1.0.3",
      "resolved": "https://registry.npmjs.org/tweetnacl/-/tweetnacl-1.0.3.tgz",
      "integrity": "sha512-6rt+RN7aOi1nGMyC4Xa5DdYiukl2UWCbcJft7YhxReBGQD7OAM8Pbxw6YMo4r2diNEA8FEmu32YOn9rhaiE5yw=="
    },
    "uri-js": {
      "version": "4.4.0",
      "resolved": "https://registry.npmjs.org/uri-js/-/uri-js-4.4.0.tgz",
      "integrity": "sha512-B0yRTzYdUCCn9n+F4+Gh4yIDtMQcaJsmYBDsTSG8g/OejKBodLQ2IHfN3bM7jUsRXndopT7OIXWdYqc1fjmV6g==",
      "requires": {
        "punycode": "^2.1.0"
      }
    },
    "url-template": {
      "version": "2.0.8",
      "resolved": "https://registry.npmjs.org/url-template/-/url-template-2.0.8.tgz",
      "integrity": "sha1-/FZaPMy/93MMd19WQflVV5FDnyE="
    }
  }
}
